// !$*UTF8*$!
{
	archiveVersion = 1;
	classes = {
	};
	objectVersion = 46;
	objects = {

/* Begin PBXBuildFile section */
		4403C95C16DEC758007197DE /* UIKit.framework in Frameworks */ = {isa = PBXBuildFile; fileRef = 4403C95B16DEC758007197DE /* UIKit.framework */; };
		4403C95E16DEC758007197DE /* Foundation.framework in Frameworks */ = {isa = PBXBuildFile; fileRef = 4403C95D16DEC758007197DE /* Foundation.framework */; };
		4403C96016DEC758007197DE /* CoreGraphics.framework in Frameworks */ = {isa = PBXBuildFile; fileRef = 4403C95F16DEC758007197DE /* CoreGraphics.framework */; };
		4403C96616DEC758007197DE /* InfoPlist.strings in Resources */ = {isa = PBXBuildFile; fileRef = 4403C96416DEC758007197DE /* InfoPlist.strings */; };
		4403C96816DEC758007197DE /* main.m in Sources */ = {isa = PBXBuildFile; fileRef = 4403C96716DEC758007197DE /* main.m */; };
		4403C96C16DEC758007197DE /* AppDelegate.m in Sources */ = {isa = PBXBuildFile; fileRef = 4403C96B16DEC758007197DE /* AppDelegate.m */; };
		4403C96E16DEC758007197DE /* Default.png in Resources */ = {isa = PBXBuildFile; fileRef = 4403C96D16DEC758007197DE /* Default.png */; };
		4403C97016DEC758007197DE /* Default@2x.png in Resources */ = {isa = PBXBuildFile; fileRef = 4403C96F16DEC758007197DE /* Default@2x.png */; };
		4403C97216DEC758007197DE /* Default-568h@2x.png in Resources */ = {isa = PBXBuildFile; fileRef = 4403C97116DEC758007197DE /* Default-568h@2x.png */; };
/* End PBXBuildFile section */

/* Begin PBXFileReference section */
		4403C95816DEC758007197DE /* nothing.app */ = {isa = PBXFileReference; explicitFileType = wrapper.application; includeInIndex = 0; path = nothing.app; sourceTree = BUILT_PRODUCTS_DIR; };
		4403C95B16DEC758007197DE /* UIKit.framework */ = {isa = PBXFileReference; lastKnownFileType = wrapper.framework; name = UIKit.framework; path = System/Library/Frameworks/UIKit.framework; sourceTree = SDKROOT; };
		4403C95D16DEC758007197DE /* Foundation.framework */ = {isa = PBXFileReference; lastKnownFileType = wrapper.framework; name = Foundation.framework; path = System/Library/Frameworks/Foundation.framework; sourceTree = SDKROOT; };
		4403C95F16DEC758007197DE /* CoreGraphics.framework */ = {isa = PBXFileReference; lastKnownFileType = wrapper.framework; name = CoreGraphics.framework; path = System/Library/Frameworks/CoreGraphics.framework; sourceTree = SDKROOT; };
		4403C96316DEC758007197DE /* nothing-Info.plist */ = {isa = PBXFileReference; lastKnownFileType = text.plist.xml; path = "nothing-Info.plist"; sourceTree = "<group>"; };
		4403C96516DEC758007197DE /* en */ = {isa = PBXFileReference; lastKnownFileType = text.plist.strings; name = en; path = en.lproj/InfoPlist.strings; sourceTree = "<group>"; };
		4403C96716DEC758007197DE /* main.m */ = {isa = PBXFileReference; lastKnownFileType = sourcecode.c.objc; path = main.m; sourceTree = "<group>"; };
		4403C96916DEC758007197DE /* nothing-Prefix.pch */ = {isa = PBXFileReference; lastKnownFileType = sourcecode.c.h; path = "nothing-Prefix.pch"; sourceTree = "<group>"; };
		4403C96A16DEC758007197DE /* AppDelegate.h */ = {isa = PBXFileReference; lastKnownFileType = sourcecode.c.h; path = AppDelegate.h; sourceTree = "<group>"; };
		4403C96B16DEC758007197DE /* AppDelegate.m */ = {isa = PBXFileReference; lastKnownFileType = sourcecode.c.objc; path = AppDelegate.m; sourceTree = "<group>"; };
		4403C96D16DEC758007197DE /* Default.png */ = {isa = PBXFileReference; lastKnownFileType = image.png; path = Default.png; sourceTree = "<group>"; };
		4403C96F16DEC758007197DE /* Default@2x.png */ = {isa = PBXFileReference; lastKnownFileType = image.png; path = "Default@2x.png"; sourceTree = "<group>"; };
		4403C97116DEC758007197DE /* Default-568h@2x.png */ = {isa = PBXFileReference; lastKnownFileType = image.png; path = "Default-568h@2x.png"; sourceTree = "<group>"; };
/* End PBXFileReference section */

/* Begin PBXFrameworksBuildPhase section */
		4403C95516DEC758007197DE /* Frameworks */ = {
			isa = PBXFrameworksBuildPhase;
			buildActionMask = 2147483647;
			files = (
				4403C95C16DEC758007197DE /* UIKit.framework in Frameworks */,
				4403C95E16DEC758007197DE /* Foundation.framework in Frameworks */,
				4403C96016DEC758007197DE /* CoreGraphics.framework in Frameworks */,
			);
			runOnlyForDeploymentPostprocessing = 0;
		};
/* End PBXFrameworksBuildPhase section */

/* Begin PBXGroup section */
		4403C94F16DEC757007197DE = {
			isa = PBXGroup;
			children = (
				4403C96116DEC758007197DE /* nothing */,
				4403C95A16DEC758007197DE /* Frameworks */,
				4403C95916DEC758007197DE /* Products */,
			);
			sourceTree = "<group>";
		};
		4403C95916DEC758007197DE /* Products */ = {
			isa = PBXGroup;
			children = (
				4403C95816DEC758007197DE /* nothing.app */,
			);
			name = Products;
			sourceTree = "<group>";
		};
		4403C95A16DEC758007197DE /* Frameworks */ = {
			isa = PBXGroup;
			children = (
				4403C95B16DEC758007197DE /* UIKit.framework */,
				4403C95D16DEC758007197DE /* Foundation.framework */,
				4403C95F16DEC758007197DE /* CoreGraphics.framework */,
			);
			name = Frameworks;
			sourceTree = "<group>";
		};
		4403C96116DEC758007197DE /* nothing */ = {
			isa = PBXGroup;
			children = (
				4403C96A16DEC758007197DE /* AppDelegate.h */,
				4403C96B16DEC758007197DE /* AppDelegate.m */,
				4403C96216DEC758007197DE /* Supporting Files */,
			);
			path = nothing;
			sourceTree = "<group>";
		};
		4403C96216DEC758007197DE /* Supporting Files */ = {
			isa = PBXGroup;
			children = (
				4403C96316DEC758007197DE /* nothing-Info.plist */,
				4403C96416DEC758007197DE /* InfoPlist.strings */,
				4403C96716DEC758007197DE /* main.m */,
				4403C96916DEC758007197DE /* nothing-Prefix.pch */,
				4403C96D16DEC758007197DE /* Default.png */,
				4403C96F16DEC758007197DE /* Default@2x.png */,
				4403C97116DEC758007197DE /* Default-568h@2x.png */,
			);
			name = "Supporting Files";
			sourceTree = "<group>";
		};
/* End PBXGroup section */

/* Begin PBXNativeTarget section */
		4403C95716DEC758007197DE /* nothing */ = {
			isa = PBXNativeTarget;
			buildConfigurationList = 4403C97516DEC758007197DE /* Build configuration list for PBXNativeTarget "nothing" */;
			buildPhases = (
				4403C95416DEC758007197DE /* Sources */,
				4403C95516DEC758007197DE /* Frameworks */,
				4403C95616DEC758007197DE /* Resources */,
			);
			buildRules = (
			);
			dependencies = (
			);
			name = nothing;
			productName = nothing;
			productReference = 4403C95816DEC758007197DE /* nothing.app */;
			productType = "com.apple.product-type.application";
		};
/* End PBXNativeTarget section */

/* Begin PBXProject section */
		4403C95016DEC757007197DE /* Project object */ = {
			isa = PBXProject;
			attributes = {
				LastUpgradeCheck = 0460;
				ORGANIZATIONNAME = "Sleepless Inc.";
			};
			buildConfigurationList = 4403C95316DEC758007197DE /* Build configuration list for PBXProject "nothing" */;
			compatibilityVersion = "Xcode 3.2";
			developmentRegion = English;
			hasScannedForEncodings = 0;
			knownRegions = (
				en,
			);
			mainGroup = 4403C94F16DEC757007197DE;
			productRefGroup = 4403C95916DEC758007197DE /* Products */;
			projectDirPath = "";
			projectRoot = "";
			targets = (
				4403C95716DEC758007197DE /* nothing */,
			);
		};
/* End PBXProject section */

/* Begin PBXResourcesBuildPhase section */
		4403C95616DEC758007197DE /* Resources */ = {
			isa = PBXResourcesBuildPhase;
			buildActionMask = 2147483647;
			files = (
				4403C96616DEC758007197DE /* InfoPlist.strings in Resources */,
				4403C96E16DEC758007197DE /* Default.png in Resources */,
				4403C97016DEC758007197DE /* Default@2x.png in Resources */,
				4403C97216DEC758007197DE /* Default-568h@2x.png in Resources */,
			);
			runOnlyForDeploymentPostprocessing = 0;
		};
/* End PBXResourcesBuildPhase section */

/* Begin PBXSourcesBuildPhase section */
		4403C95416DEC758007197DE /* Sources */ = {
			isa = PBXSourcesBuildPhase;
			buildActionMask = 2147483647;
			files = (
				4403C96816DEC758007197DE /* main.m in Sources */,
				4403C96C16DEC758007197DE /* AppDelegate.m in Sources */,
			);
			runOnlyForDeploymentPostprocessing = 0;
		};
/* End PBXSourcesBuildPhase section */

/* Begin PBXVariantGroup section */
		4403C96416DEC758007197DE /* InfoPlist.strings */ = {
			isa = PBXVariantGroup;
			children = (
				4403C96516DEC758007197DE /* en */,
			);
			name = InfoPlist.strings;
			sourceTree = "<group>";
		};
/* End PBXVariantGroup section */

/* Begin XCBuildConfiguration section */
		4403C97316DEC758007197DE /* Debug */ = {
			isa = XCBuildConfiguration;
			buildSettings = {
				ALWAYS_SEARCH_USER_PATHS = NO;
				CLANG_CXX_LANGUAGE_STANDARD = "gnu++0x";
				CLANG_CXX_LIBRARY = "libc++";
				CLANG_ENABLE_OBJC_ARC = YES;
				CLANG_WARN_CONSTANT_CONVERSION = YES;
				CLANG_WARN_EMPTY_BODY = YES;
				CLANG_WARN_ENUM_CONVERSION = YES;
				CLANG_WARN_INT_CONVERSION = YES;
				CLANG_WARN__DUPLICATE_METHOD_MATCH = YES;
				"CODE_SIGN_IDENTITY[sdk=iphoneos*]" = "iPhone Developer";
				COPY_PHASE_STRIP = NO;
				GCC_C_LANGUAGE_STANDARD = gnu99;
				GCC_DYNAMIC_NO_PIC = NO;
				GCC_OPTIMIZATION_LEVEL = 0;
				GCC_PREPROCESSOR_DEFINITIONS = (
					"DEBUG=1",
					"$(inherited)",
				);
				GCC_SYMBOLS_PRIVATE_EXTERN = NO;
				GCC_WARN_ABOUT_RETURN_TYPE = YES;
				GCC_WARN_UNINITIALIZED_AUTOS = YES;
				GCC_WARN_UNUSED_VARIABLE = YES;
				IPHONEOS_DEPLOYMENT_TARGET = 6.1;
				ONLY_ACTIVE_ARCH = YES;
				SDKROOT = iphoneos;
				TARGETED_DEVICE_FAMILY = "1,2";
			};
			name = Debug;
		};
		4403C97416DEC758007197DE /* Release */ = {
			isa = XCBuildConfiguration;
			buildSettings = {
				ALWAYS_SEARCH_USER_PATHS = NO;
				CLANG_CXX_LANGUAGE_STANDARD = "gnu++0x";
				CLANG_CXX_LIBRARY = "libc++";
				CLANG_ENABLE_OBJC_ARC = YES;
				CLANG_WARN_CONSTANT_CONVERSION = YES;
				CLANG_WARN_EMPTY_BODY = YES;
				CLANG_WARN_ENUM_CONVERSION = YES;
				CLANG_WARN_INT_CONVERSION = YES;
				CLANG_WARN__DUPLICATE_METHOD_MATCH = YES;
				"CODE_SIGN_IDENTITY[sdk=iphoneos*]" = "iPhone Developer";
				COPY_PHASE_STRIP = YES;
				GCC_C_LANGUAGE_STANDARD = gnu99;
				GCC_WARN_ABOUT_RETURN_TYPE = YES;
				GCC_WARN_UNINITIALIZED_AUTOS = YES;
				GCC_WARN_UNUSED_VARIABLE = YES;
				IPHONEOS_DEPLOYMENT_TARGET = 6.1;
				OTHER_CFLAGS = "-DNS_BLOCK_ASSERTIONS=1";
				SDKROOT = iphoneos;
				TARGETED_DEVICE_FAMILY = "1,2";
				VALIDATE_PRODUCT = YES;
			};
			name = Release;
		};
		4403C97616DEC758007197DE /* Debug */ = {
			isa = XCBuildConfiguration;
			buildSettings = {
				GCC_PRECOMPILE_PREFIX_HEADER = YES;
				GCC_PREFIX_HEADER = "nothing/nothing-Prefix.pch";
				INFOPLIST_FILE = "nothing/nothing-Info.plist";
				PRODUCT_NAME = "$(TARGET_NAME)";
				WRAPPER_EXTENSION = app;
			};
			name = Debug;
		};
		4403C97716DEC758007197DE /* Release */ = {
			isa = XCBuildConfiguration;
			buildSettings = {
				GCC_PRECOMPILE_PREFIX_HEADER = YES;
				GCC_PREFIX_HEADER = "nothing/nothing-Prefix.pch";
				INFOPLIST_FILE = "nothing/nothing-Info.plist";
				PRODUCT_NAME = "$(TARGET_NAME)";
				WRAPPER_EXTENSION = app;
			};
			name = Release;
		};
/* End XCBuildConfiguration section */

/* Begin XCConfigurationList section */
		4403C95316DEC758007197DE /* Build configuration list for PBXProject "nothing" */ = {
			isa = XCConfigurationList;
			buildConfigurations = (
				4403C97316DEC758007197DE /* Debug */,
				4403C97416DEC758007197DE /* Release */,
			);
			defaultConfigurationIsVisible = 0;
			defaultConfigurationName = Release;
		};
		4403C97516DEC758007197DE /* Build configuration list for PBXNativeTarget "nothing" */ = {
			isa = XCConfigurationList;
			buildConfigurations = (
				4403C97616DEC758007197DE /* Debug */,
				4403C97716DEC758007197DE /* Release */,
			);
			defaultConfigurationIsVisible = 0;
		};
/* End XCConfigurationList section */
	};
	rootObject = 4403C95016DEC757007197DE /* Project object */;
}
